Microsoft Visual Studio Solution File, Format Version 12.00
# Visual Studio 2012
Project("{FAE04EC0-301F-11D3-BF4B-00C04F79EFBC}") = "Cool Little Game", "Cool Little Game.csproj", "{B3A0B926-AFB7-4CEE-A652-5102760F524E}"
EndProject
Global
	GlobalSection(SolutionConfigurationPlatforms) = preSolution
	Debug|Any CPU = Debug|Any CPU
	ExportDebug|Any CPU = ExportDebug|Any CPU
	ExportRelease|Any CPU = ExportRelease|Any CPU
	EndGlobalSection
	GlobalSection(ProjectConfigurationPlatforms) = postSolution
		{B3A0B926-AFB7-4CEE-A652-5102760F524E}.Debug|Any CPU.ActiveCfg = Debug|Any CPU
		{B3A0B926-AFB7-4CEE-A652-5102760F524E}.Debug|Any CPU.Build.0 = Debug|Any CPU
		{B3A0B926-AFB7-4CEE-A652-5102760F524E}.ExportDebug|Any CPU.ActiveCfg = ExportDebug|Any CPU
		{B3A0B926-AFB7-4CEE-A652-5102760F524E}.ExportDebug|Any CPU.Build.0 = ExportDebug|Any CPU
		{B3A0B926-AFB7-4CEE-A652-5102760F524E}.ExportRelease|Any CPU.ActiveCfg = ExportRelease|Any CPU
		{B3A0B926-AFB7-4CEE-A652-5102760F524E}.ExportRelease|Any CPU.Build.0 = ExportRelease|Any CPU
	EndGlobalSection
EndGlobal
